github.com/dgrijalva/jwt-go v3.2.0+incompatible h1:7qlOGliEKZXTDg6OTjfoBKDXWrumCAMpl/TFQ4/5kLM=
github.com/dgrijalva/jwt-go v3.2.0+incompatible/go.mod h1:E3ru+11k8xSBh+hMPgOLZmtrrCbhqsmaPHjLKYnJCaQ=
github.com/golang/protobuf v1.5.3 h1:KhyjKVUg7Usr/dYsdSqoFveMYd5ko72D+zANwlG1mmg=
github.com/google/go-cmp v0.5.9 h1:O2Tfq5qg4qc4AmwVlvv0oLiVAGB7enBSJ2x2DqQFi38=
github.com/google/uuid v1.0.0/go.mod h1:TIyPZe4MgqvfeYDBFedMoGGpEw/LqOeaOT+nhxU+yHo=
github.com/google/uuid v1.3.0 h1:t6JiXgmwXMjEs8VusXIJk2BXHsn+wx8BZdTaoZ5fu7I=
github.com/openshift/build-machinery-go v0.0.0-20200917070002-f171684f77ab h1:lBrojddP6C9C2p67EMs2vcdpC8eF+H0DDom+fgI2IF0=
github.com/openshift/build-machinery-go v0.0.0-20200917070002-f171684f77ab/go.mod h1:b1BuldmJlbA/xYtdZvKi+7j5YGB44qJUJDZ9zwiNCfE=
github.com/openshift/osincli v0.0.0-20160924135400-fababb0555f2 h1:9oADVMmPa4G60MQtoSjD26aD/vZreqbIAfiUiO220eY=
github.com/openshift/osincli v0.0.0-20160924135400-fababb0555f2/go.mod h1:Riv9DbfKiX3y9ebcS4PHU4zLhVXu971+4jCVwKIue5M=
github.com/pborman/uuid v1.2.1 h1:+ZZIw58t/ozdjRaXh/3awHfmWRbzYxJoAdNJxe/3pvw=
golang.org/x/net v0.6.0/go.mod h1:2Tu9+aMcznHK/AK1HMvgo6xiTLG5rD5rZLDS+rp2Bjs=
golang.org/x/net v0.10.0 h1:X2//UzNDwYmtCLn7To6G58Wr6f5ahEAQgKNzv9Y951M=
golang.org/x/oauth2 v0.7.0 h1:qe6s0zUXlPX80/dITx3440hWZ7GwMwgDDyrSGTPJG/g=
golang.org/x/term v0.5.0/go.mod h1:jMB1sMXY+tzblOD4FWmEbocvup2/aLOaQEp7JmGp78k=
golang.org/x/term v0.7.0/go.mod h1:P32HKFT3hSsZrRxla30E9HqToFYAQPCMs/zFMBUFqPY=
golang.org/x/text v0.3.0/go.mod h1:NqM8EUOU14njkJ3fqMW+pc6Ldnwhi/IjpwHt7yyuwOQ=
google.golang.org/appengine v1.6.7 h1:FZR1q0exgwxzPzp/aF+VccGrSfxfPpkBqjIIEq3ru6c=
google.golang.org/protobuf v1.30.0 h1:kPPoIgf3TsEvrm0PFe15JQ+570QVxYzEvvHqChK+cng=
gopkg.in/square/go-jose.v1 v1.1.2 h1:/5jmADZB+RiKtZGr4HxsEFOEfbfsjTKsVnqpThUpE30=
gopkg.in/square/go-jose.v1 v1.1.2/go.mod h1:QpYS+a4WhS+DTlyQIi6Ka7MS3SuR9a055rgXNEe6EiA=
